# This file is automatically @generated by Cargo.
# It is not intended for manual editing.
version = 4

[[package]]
name = "openlst-bootloader"
version = "0.1.0"
dependencies = [
 "openlst-core",
]

[[package]]
name = "openlst-core"
version = "0.1.0"

[[package]]
name = "openlst-radio"
version = "0.1.0"
dependencies = [
 "openlst-core",
]

[[package]]
name = "openlst-sim"
version = "0.1.0"
dependencies = [
 "openlst-core",
]
